{
  "name": "novel-craft",
  "version": "0.2.0",
  "lockfileVersion": 3,
  "requires": true,
  "packages": {
    "": {
      "name": "novel-craft",
      "version": "0.2.0",
      "license": "MIT",
      "bin": {
        "novel": "cli/index.mjs",
        "novel-craft": "cli/index.mjs"
      },
      "engines": {
        "node": ">=22.14.0"
      }
    }
  }
}
